
Microsoft Visual Studio Solution File, Format Version 12.00
# Visual Studio Version 16
VisualStudioVersion = 16.0.33130.400
MinimumVisualStudioVersion = 10.0.40219.1
Project("{FAE04EC0-301F-11D3-BF4B-00C04F79EFBC}") = "GitFun", "GitFun\GitFun.csproj", "{8CCB5950-5EC0-435E-92C3-0CA088268135}"
EndProject
Global
	GlobalSection(SolutionConfigurationPlatforms) = preSolution
		Debug|Any CPU = Debug|Any CPU
		Release|Any CPU = Release|Any CPU
	EndGlobalSection
	GlobalSection(ProjectConfigurationPlatforms) = postSolution
		{8CCB5950-5EC0-435E-92C3-0CA088268135}.Debug|Any CPU.ActiveCfg = Debug|Any CPU
		{8CCB5950-5EC0-435E-92C3-0CA088268135}.Debug|Any CPU.Build.0 = Debug|Any CPU
		{8CCB5950-5EC0-435E-92C3-0CA088268135}.Release|Any CPU.ActiveCfg = Release|Any CPU
		{8CCB5950-5EC0-435E-92C3-0CA088268135}.Release|Any CPU.Build.0 = Release|Any CPU
	EndGlobalSection
	GlobalSection(SolutionProperties) = preSolution
		HideSolutionNode = FALSE
	EndGlobalSection
	GlobalSection(ExtensibilityGlobals) = postSolution
		SolutionGuid = {41AF390C-88BF-4C39-BFF8-95BCE7B329DA}
	EndGlobalSection
EndGlobal
